{
    "_meta": {
        "hash": {
            "sha256": "3a8112d051f14abd18c74dc943ea4ad0c68eee4fc2fd6427d2b0312f4a99908b"
        },
        "pipfile-spec": 6,
        "requires": {
            "python_full_version": "3.12.3",
            "python_version": "3.12"
        },
        "sources": [
            {
                "name": "pypi",
                "url": "https://pypi.org/simple",
                "verify_ssl": true
            }
        ]
    },
    "default": {
        "bidict": {
            "hashes": [
                "sha256:03069d763bc387bbd20e7d49914e75fc4132a41937fa3405417e1a5a2d006d71",
                "sha256:5dae8d4d79b552a71cbabc7deb25dfe8ce710b17ff41711e13010ead2abfc3e5"
            ],
            "index": "pypi",
            "markers": "python_version >= '3.8'",
            "version": "==0.23.1"
        }
    },
    "develop": {}
}
